# This lock file was generated by conda-lock (https://github.com/conda/conda-lock). DO NOT EDIT!
#
# A "lock file" contains a concrete list of package versions (with checksums) to be installed. Unlike
# e.g. `conda env create`, the resulting environment will not change as new package versions become
# available, unless you explicitly update the lock file.
#
# Install this environment as "YOURENV" with:
#     conda-lock install -n YOURENV conda-lock.yml
# To update a single package to the latest version compatible with the version constraints in the source:
#     conda-lock lock  --lockfile conda-lock.yml --update PACKAGE
# To re-solve the entire environment, e.g. after changing a version constraint in the source file:
#     conda-lock -f insilicoseq.yml --lockfile conda-lock.yml
version: 1
metadata:
  content_hash:
    linux-64: 095ae3290eacf46c89ba4671155edb9f9e2ff2c890272204c1e9633acd293764
  channels:
  - url: conda-forge
    used_env_vars: []
  - url: bioconda
    used_env_vars: []
  - url: defaults
    used_env_vars: []
  platforms:
  - linux-64
  sources:
  - insilicoseq.yml
package:
- name: _openmp_mutex
  version: '4.5'
  manager: conda
  platform: linux-64
  dependencies:
    __glibc: '>=2.17,<3.0.a0'
    libgomp: '>=7.5.0'
  url: https://conda.anaconda.org/conda-forge/linux-64/_openmp_mutex-4.5-20_gnu.conda
  hash:
    md5: a9f577daf3de00bca7c3c76c0ecbd1de
    sha256: 1dd3fffd892081df9726d7eb7e0dea6198962ba775bd88842135a4ddb4deb3c9
  category: main
  optional: false
- name: biopython
  version: '1.85'
  manager: conda
  platform: linux-64
  dependencies:
    __glibc: '>=2.17,<3.0.a0'
    libgcc: '>=13'
    numpy: ''
    python: '>=3.9,<3.10.0a0'
    python_abi: 3.9.*
  url: https://conda.anaconda.org/conda-forge/linux-64/biopython-1.85-py39h8cd3c5a_1.conda
  hash:
    md5: 30946fbfcf903b9846b395eed3ad5525
    sha256: 4d4c41a405365d25f1d013e91e27b965ad41f31095973a88b44cc1068123e08e
  category: main
  optional: false
- name: brotli-python
  version: 1.1.0
  manager: conda
  platform: linux-64
  dependencies:
    __glibc: '>=2.17,<3.0.a0'
    libgcc: '>=13'
    libstdcxx: '>=13'
    python: '>=3.9,<3.10.0a0'
    python_abi: 3.9.*
  url: https://conda.anaconda.org/conda-forge/linux-64/brotli-python-1.1.0-py39hf88036b_3.conda
  hash:
    md5: 1ccd2aba673acca7aa2f289266efe2db
    sha256: 863936a37317bf62e9aa96c631a0fc6e1f8bfddfc39f9ea7191ed5c698d6759b
  category: main
  optional: false
- name: bzip2
  version: 1.0.8
  manager: conda
  platform: linux-64
  dependencies:
    __glibc: '>=2.17,<3.0.a0'
    libgcc: '>=14'
  url: https://conda.anaconda.org/conda-forge/linux-64/bzip2-1.0.8-hda65f42_9.conda
  hash:
    md5: d2ffd7602c02f2b316fd921d39876885
    sha256: 0b75d45f0bba3e95dc693336fa51f40ea28c980131fec438afb7ce6118ed05f6
  category: main
  optional: false
- name: c-ares
  version: 1.34.6
  manager: conda
  platform: linux-64
  dependencies:
    __glibc: '>=2.17,<3.0.a0'
    libgcc: '>=14'
  url: https://conda.anaconda.org/conda-forge/linux-64/c-ares-1.34.6-hb03c661_0.conda
  hash:
    md5: 920bb03579f15389b9e512095ad995b7
    sha256: cc9accf72fa028d31c2a038460787751127317dcfa991f8d1f1babf216bb454e
  category: main
  optional: false
- name: ca-certificates
  version: 2026.4.22
  manager: conda
  platform: linux-64
  dependencies:
    __unix: ''
  url: https://conda.anaconda.org/conda-forge/noarch/ca-certificates-2026.4.22-hbd8a1cb_0.conda
  hash:
    md5: e18ad67cf881dcadee8b8d9e2f8e5f73
    sha256: c9dbcc8039a52023660d6d1bbf87594a93dd69c6ac5a2a44323af2c92976728d
  category: main
  optional: false
- name: certifi
  version: 2025.8.3
  manager: conda
  platform: linux-64
  dependencies:
    python: '>=3.9'
  url: https://conda.anaconda.org/conda-forge/noarch/certifi-2025.8.3-pyhd8ed1ab_0.conda
  hash:
    md5: 11f59985f49df4620890f3e746ed7102
    sha256: a1ad5b0a2a242f439608f22a538d2175cac4444b7b3f4e2b8c090ac337aaea40
  category: main
  optional: false
- name: cffi
  version: 1.17.1
  manager: conda
  platform: linux-64
  dependencies:
    __glibc: '>=2.17,<3.0.a0'
    libffi: '>=3.4,<4.0a0'
    libgcc: '>=13'
    pycparser: ''
    python: '>=3.9,<3.10.0a0'
    python_abi: 3.9.*
  url: https://conda.anaconda.org/conda-forge/linux-64/cffi-1.17.1-py39h15c3d72_0.conda
  hash:
    md5: 7e61b8777f42e00b08ff059f9e8ebc44
    sha256: f24486fdb31df2a7b04555093fdcbb3a314a1f29a4906b72ac9010906eb57ff8
  category: main
  optional: false
- name: charset-normalizer
  version: 3.4.3
  manager: conda
  platform: linux-64
  dependencies:
    python: '>=3.9'
  url: https://conda.anaconda.org/conda-forge/noarch/charset-normalizer-3.4.3-pyhd8ed1ab_0.conda
  hash:
    md5: 7e7d5ef1b9ed630e4a1c358d6bc62284
    sha256: 838d5a011f0e7422be6427becba3de743c78f3874ad2743c341accbba9bb2624
  category: main
  optional: false
- name: future
  version: 1.0.0
  manager: conda
  platform: linux-64
  dependencies:
    python: '>=3.9'
  url: https://conda.anaconda.org/conda-forge/noarch/future-1.0.0-pyhd8ed1ab_2.conda
  hash:
    md5: 1054c53c95d85e35b88143a3eda66373
    sha256: 45dfd037889b7075c5eb46394f93172de0be0b1624c7f802dd3ecc94b814d8e0
  category: main
  optional: false
- name: h2
  version: 4.2.0
  manager: conda
  platform: linux-64
  dependencies:
    hpack: '>=4.1,<5'
    hyperframe: '>=6.1,<7'
    python: '>=3.9'
  url: https://conda.anaconda.org/conda-forge/noarch/h2-4.2.0-pyhd8ed1ab_0.conda
  hash:
    md5: b4754fb1bdcb70c8fd54f918301582c6
    sha256: 0aa1cdc67a9fe75ea95b5644b734a756200d6ec9d0dff66530aec3d1c1e9df75
  category: main
  optional: false
- name: hpack
  version: 4.1.0
  manager: conda
  platform: linux-64
  dependencies:
    python: '>=3.9'
  url: https://conda.anaconda.org/conda-forge/noarch/hpack-4.1.0-pyhd8ed1ab_0.conda
  hash:
    md5: 0a802cb9888dd14eeefc611f05c40b6e
    sha256: 6ad78a180576c706aabeb5b4c8ceb97c0cb25f1e112d76495bff23e3779948ba
  category: main
  optional: false
- name: hyperframe
  version: 6.1.0
  manager: conda
  platform: linux-64
  dependencies:
    python: '>=3.9'
  url: https://conda.anaconda.org/conda-forge/noarch/hyperframe-6.1.0-pyhd8ed1ab_0.conda
  hash:
    md5: 8e6923fc12f1fe8f8c4e5c9f343256ac
    sha256: 77af6f5fe8b62ca07d09ac60127a30d9069fdc3c68d6b256754d0ffb1f7779f8
  category: main
  optional: false
- name: icu
  version: '78.3'
  manager: conda
  platform: linux-64
  dependencies:
    __glibc: '>=2.17,<3.0.a0'
    libgcc: '>=14'
    libstdcxx: '>=14'
  url: https://conda.anaconda.org/conda-forge/linux-64/icu-78.3-h33c6efd_0.conda
  hash:
    md5: c80d8a3b84358cb967fa81e7075fbc8a
    sha256: fbf86c4a59c2ed05bbffb2ba25c7ed94f6185ec30ecb691615d42342baa1a16a
  category: main
  optional: false
- name: idna
  version: '3.11'
  manager: conda
  platform: linux-64
  dependencies:
    python: ''
  url: https://conda.anaconda.org/conda-forge/noarch/idna-3.11-pyhf9edf01_1.conda
  hash:
    md5: ed83a53046788a688a38b76e436f5aac
    sha256: ee847a65998140b2e7ff855c905d29c64ebd3bba7e155d18993d9c5ccb46cc5e
  category: main
  optional: false
- name: insilicoseq
  version: 2.0.1
  manager: conda
  platform: linux-64
  dependencies:
    biopython: '>=1.79'
    future: ''
    joblib: ''
    numpy: ''
    pysam: '>=0.15.1'
    python: ''
    requests: ''
    scipy: ''
  url: https://conda.anaconda.org/bioconda/noarch/insilicoseq-2.0.1-pyh7cba7a3_0.tar.bz2
  hash:
    md5: 111c7808ebead957f3a422a93ed93a2f
    sha256: 3635abc34f9e036ca150f5e498d9e4b767169718aa8c59733c033e685d90dc65
  category: main
  optional: false
- name: joblib
  version: 1.5.1
  manager: conda
  platform: linux-64
  dependencies:
    python: '>=3.9'
    setuptools: ''
  url: https://conda.anaconda.org/conda-forge/noarch/joblib-1.5.1-pyhd8ed1ab_0.conda
  hash:
    md5: fb1c14694de51a476ce8636d92b6f42c
    sha256: e5a4eca9a5d8adfaa3d51e24eefd1a6d560cb3b33a7e1eee13e410bec457b7ed
  category: main
  optional: false
- name: keyutils
  version: 1.6.3
  manager: conda
  platform: linux-64
  dependencies:
    __glibc: '>=2.17,<3.0.a0'
    libgcc: '>=13'
  url: https://conda.anaconda.org/conda-forge/linux-64/keyutils-1.6.3-hb9d3cd8_0.conda
  hash:
    md5: b38117a3c920364aff79f870c984b4a3
    sha256: 0960d06048a7185d3542d850986d807c6e37ca2e644342dd0c72feefcf26c2a4
  category: main
  optional: false
- name: krb5
  version: 1.22.2
  manager: conda
  platform: linux-64
  dependencies:
    __glibc: '>=2.17,<3.0.a0'
    keyutils: '>=1.6.3,<2.0a0'
    libedit: '>=3.1.20250104,<4.0a0'
    libgcc: '>=14'
    libstdcxx: '>=14'
    openssl: '>=3.5.5,<4.0a0'
  url: https://conda.anaconda.org/conda-forge/linux-64/krb5-1.22.2-ha1258a1_0.conda
  hash:
    md5: fb53fb07ce46a575c5d004bbc96032c2
    sha256: 3e307628ca3527448dd1cb14ad7bb9d04d1d28c7d4c5f97ba196ae984571dd25
  category: main
  optional: false
- name: ld_impl_linux-64
  version: 2.45.1
  manager: conda
  platform: linux-64
  dependencies:
    __glibc: '>=2.17,<3.0.a0'
    zstd: '>=1.5.7,<1.6.0a0'
  url: https://conda.anaconda.org/conda-forge/linux-64/ld_impl_linux-64-2.45.1-default_hbd61a6d_102.conda
  hash:
    md5: 18335a698559cdbcd86150a48bf54ba6
    sha256: 3d584956604909ff5df353767f3a2a2f60e07d070b328d109f30ac40cd62df6c
  category: main
  optional: false
- name: libblas
  version: 3.11.0
  manager: conda
  platform: linux-64
  dependencies:
    libopenblas: '>=0.3.32,<1.0a0'
  url: https://conda.anaconda.org/conda-forge/linux-64/libblas-3.11.0-6_h4a7cf45_openblas.conda
  hash:
    md5: 6d6d225559bfa6e2f3c90ee9c03d4e2e
    sha256: 7bfe936dbb5db04820cf300a9cc1f5ee8d5302fc896c2d66e30f1ee2f20fbfd6
  category: main
  optional: false
- name: libcblas
  version: 3.11.0
  manager: conda
  platform: linux-64
  dependencies:
    libblas: 3.11.0
  url: https://conda.anaconda.org/conda-forge/linux-64/libcblas-3.11.0-6_h0358290_openblas.conda
  hash:
    md5: 36ae340a916635b97ac8a0655ace2a35
    sha256: 57edafa7796f6fa3ebbd5367692dd4c7f552be42109c2dd1a7c89b55089bf374
  category: main
  optional: false
- name: libcurl
  version: 8.20.0
  manager: conda
  platform: linux-64
  dependencies:
    __glibc: '>=2.17,<3.0.a0'
    krb5: '>=1.22.2,<1.23.0a0'
    libgcc: '>=14'
    libnghttp2: '>=1.68.1,<2.0a0'
    libssh2: '>=1.11.1,<2.0a0'
    libzlib: '>=1.3.2,<2.0a0'
    openssl: '>=3.5.6,<4.0a0'
    zstd: '>=1.5.7,<1.6.0a0'
  url: https://conda.anaconda.org/conda-forge/linux-64/libcurl-8.20.0-hcf29cc6_0.conda
  hash:
    md5: c3cc2864f82a944bc90a7beb4d3b0e88
    sha256: 75963a5dd913311f59a35dbd307592f4fa754c4808aff9c33edb430c415e38eb
  category: main
  optional: false
- name: libdeflate
  version: '1.25'
  manager: conda
  platform: linux-64
  dependencies:
    __glibc: '>=2.17,<3.0.a0'
    libgcc: '>=14'
  url: https://conda.anaconda.org/conda-forge/linux-64/libdeflate-1.25-h17f619e_0.conda
  hash:
    md5: 6c77a605a7a689d17d4819c0f8ac9a00
    sha256: aa8e8c4be9a2e81610ddf574e05b64ee131fab5e0e3693210c9d6d2fba32c680
  category: main
  optional: false
- name: libedit
  version: 3.1.20250104
  manager: conda
  platform: linux-64
  dependencies:
    __glibc: '>=2.17,<3.0.a0'
    libgcc: '>=13'
    ncurses: '>=6.5,<7.0a0'
  url: https://conda.anaconda.org/conda-forge/linux-64/libedit-3.1.20250104-pl5321h7949ede_0.conda
  hash:
    md5: c277e0a4d549b03ac1e9d6cbbe3d017b
    sha256: d789471216e7aba3c184cd054ed61ce3f6dac6f87a50ec69291b9297f8c18724
  category: main
  optional: false
- name: libev
  version: '4.33'
  manager: conda
  platform: linux-64
  dependencies:
    libgcc-ng: '>=12'
  url: https://conda.anaconda.org/conda-forge/linux-64/libev-4.33-hd590300_2.conda
  hash:
    md5: 172bf1cd1ff8629f2b1179945ed45055
    sha256: 1cd6048169fa0395af74ed5d8f1716e22c19a81a8a36f934c110ca3ad4dd27b4
  category: main
  optional: false
- name: libexpat
  version: 2.8.0
  manager: conda
  platform: linux-64
  dependencies:
    __glibc: '>=2.17,<3.0.a0'
    libgcc: '>=14'
  url: https://conda.anaconda.org/conda-forge/linux-64/libexpat-2.8.0-hecca717_0.conda
  hash:
    md5: a3b390520c563d78cc58974de95a03e5
    sha256: ea33c40977ea7a2c3658c522230058395bc2ee0d89d99f0711390b6a1ee80d12
  category: main
  optional: false
- name: libffi
  version: 3.5.2
  manager: conda
  platform: linux-64
  dependencies:
    __glibc: '>=2.17,<3.0.a0'
    libgcc: '>=14'
  url: https://conda.anaconda.org/conda-forge/linux-64/libffi-3.5.2-h3435931_0.conda
  hash:
    md5: a360c33a5abe61c07959e449fa1453eb
    sha256: 31f19b6a88ce40ebc0d5a992c131f57d919f73c0b92cd1617a5bec83f6e961e6
  category: main
  optional: false
- name: libgcc
  version: 15.2.0
  manager: conda
  platform: linux-64
  dependencies:
    __glibc: '>=2.17,<3.0.a0'
    _openmp_mutex: '>=4.5'
  url: https://conda.anaconda.org/conda-forge/linux-64/libgcc-15.2.0-he0feb66_18.conda
  hash:
    md5: 0aa00f03f9e39fb9876085dee11a85d4
    sha256: faf7d2017b4d718951e3a59d081eb09759152f93038479b768e3d612688f83f5
  category: main
  optional: false
- name: libgcc-ng
  version: 15.2.0
  manager: conda
  platform: linux-64
  dependencies:
    libgcc: 15.2.0
  url: https://conda.anaconda.org/conda-forge/linux-64/libgcc-ng-15.2.0-h69a702a_18.conda
  hash:
    md5: d5e96b1ed75ca01906b3d2469b4ce493
    sha256: e318a711400f536c81123e753d4c797a821021fb38970cebfb3f454126016893
  category: main
  optional: false
- name: libgfortran
  version: 15.2.0
  manager: conda
  platform: linux-64
  dependencies:
    libgfortran5: 15.2.0
  url: https://conda.anaconda.org/conda-forge/linux-64/libgfortran-15.2.0-h69a702a_18.conda
  hash:
    md5: 9063115da5bc35fdc3e1002e69b9ef6e
    sha256: d2c9fad338fd85e4487424865da8e74006ab2e2475bd788f624d7a39b2a72aee
  category: main
  optional: false
- name: libgfortran-ng
  version: 15.2.0
  manager: conda
  platform: linux-64
  dependencies:
    libgfortran: 15.2.0
  url: https://conda.anaconda.org/conda-forge/linux-64/libgfortran-ng-15.2.0-h69a702a_18.conda
  hash:
    md5: 26d7b228de99d6fb032ba4d5c1679040
    sha256: cdc147bb0966be39b697b28d40b1ab5a2cd57fb29aff0fb0406598d419bddd70
  category: main
  optional: false
- name: libgfortran5
  version: 15.2.0
  manager: conda
  platform: linux-64
  dependencies:
    __glibc: '>=2.17,<3.0.a0'
    libgcc: '>=15.2.0'
  url: https://conda.anaconda.org/conda-forge/linux-64/libgfortran5-15.2.0-h68bc16d_18.conda
  hash:
    md5: 646855f357199a12f02a87382d429b75
    sha256: 539b57cf50ec85509a94ba9949b7e30717839e4d694bc94f30d41c9d34de2d12
  category: main
  optional: false
- name: libgomp
  version: 15.2.0
  manager: conda
  platform: linux-64
  dependencies:
    __glibc: '>=2.17,<3.0.a0'
  url: https://conda.anaconda.org/conda-forge/linux-64/libgomp-15.2.0-he0feb66_18.conda
  hash:
    md5: 239c5e9546c38a1e884d69effcf4c882
    sha256: 21337ab58e5e0649d869ab168d4e609b033509de22521de1bfed0c031bfc5110
  category: main
  optional: false
- name: liblapack
  version: 3.11.0
  manager: conda
  platform: linux-64
  dependencies:
    libblas: 3.11.0
  url: https://conda.anaconda.org/conda-forge/linux-64/liblapack-3.11.0-6_h47877c9_openblas.conda
  hash:
    md5: 881d801569b201c2e753f03c84b85e15
    sha256: 371f517eb7010b21c6cc882c7606daccebb943307cb9a3bf2c70456a5c024f7d
  category: main
  optional: false
- name: liblzma
  version: 5.8.3
  manager: conda
  platform: linux-64
  dependencies:
    __glibc: '>=2.17,<3.0.a0'
    libgcc: '>=14'
  url: https://conda.anaconda.org/conda-forge/linux-64/liblzma-5.8.3-hb03c661_0.conda
  hash:
    md5: b88d90cad08e6bc8ad540cb310a761fb
    sha256: ec30e52a3c1bf7d0425380a189d209a52baa03f22fb66dd3eb587acaa765bd6d
  category: main
  optional: false
- name: libnghttp2
  version: 1.68.1
  manager: conda
  platform: linux-64
  dependencies:
    __glibc: '>=2.17,<3.0.a0'
    c-ares: '>=1.34.6,<2.0a0'
    libev: '>=4.33,<5.0a0'
    libgcc: '>=14'
    libstdcxx: '>=14'
    libzlib: '>=1.3.1,<2.0a0'
    openssl: '>=3.5.5,<4.0a0'
  url: https://conda.anaconda.org/conda-forge/linux-64/libnghttp2-1.68.1-h877daf1_0.conda
  hash:
    md5: 2a45e7f8af083626f009645a6481f12d
    sha256: 663444d77a42f2265f54fb8b48c5450bfff4388d9c0f8253dd7855f0d993153f
  category: main
  optional: false
- name: libnsl
  version: 2.0.1
  manager: conda
  platform: linux-64
  dependencies:
    __glibc: '>=2.17,<3.0.a0'
    libgcc: '>=13'
  url: https://conda.anaconda.org/conda-forge/linux-64/libnsl-2.0.1-hb9d3cd8_1.conda
  hash:
    md5: d864d34357c3b65a4b731f78c0801dc4
    sha256: 927fe72b054277cde6cb82597d0fcf6baf127dcbce2e0a9d8925a68f1265eef5
  category: main
  optional: false
- name: libopenblas
  version: 0.3.32
  manager: conda
  platform: linux-64
  dependencies:
    __glibc: '>=2.17,<3.0.a0'
    libgcc: '>=14'
    libgfortran: ''
    libgfortran5: '>=14.3.0'
  url: https://conda.anaconda.org/conda-forge/linux-64/libopenblas-0.3.32-pthreads_h94d23a6_0.conda
  hash:
    md5: 89d61bc91d3f39fda0ca10fcd3c68594
    sha256: 6dc30b28f32737a1c52dada10c8f3a41bc9e021854215efca04a7f00487d09d9
  category: main
  optional: false
- name: libsqlite
  version: 3.53.0
  manager: conda
  platform: linux-64
  dependencies:
    __glibc: '>=2.17,<3.0.a0'
    icu: '>=78.3,<79.0a0'
    libgcc: '>=14'
    libzlib: '>=1.3.2,<2.0a0'
  url: https://conda.anaconda.org/conda-forge/linux-64/libsqlite-3.53.0-hf4e2dac_0.conda
  hash:
    md5: 810d83373448da85c3f673fbcb7ad3a3
    sha256: ec37c79f737933bbac965f5dc0f08ef2790247129a84bb3114fad4900adce401
  category: main
  optional: false
- name: libssh2
  version: 1.11.1
  manager: conda
  platform: linux-64
  dependencies:
    __glibc: '>=2.17,<3.0.a0'
    libgcc: '>=13'
    libzlib: '>=1.3.1,<2.0a0'
    openssl: '>=3.5.0,<4.0a0'
  url: https://conda.anaconda.org/conda-forge/linux-64/libssh2-1.11.1-hcf80075_0.conda
  hash:
    md5: eecce068c7e4eddeb169591baac20ac4
    sha256: fa39bfd69228a13e553bd24601332b7cfeb30ca11a3ca50bb028108fe90a7661
  category: main
  optional: false
- name: libstdcxx
  version: 15.2.0
  manager: conda
  platform: linux-64
  dependencies:
    __glibc: '>=2.17,<3.0.a0'
    libgcc: 15.2.0
  url: https://conda.anaconda.org/conda-forge/linux-64/libstdcxx-15.2.0-h934c35e_18.conda
  hash:
    md5: 1b08cd684f34175e4514474793d44bcb
    sha256: 78668020064fdaa27e9ab65cd2997e2c837b564ab26ce3bf0e58a2ce1a525c6e
  category: main
  optional: false
- name: libstdcxx-ng
  version: 15.2.0
  manager: conda
  platform: linux-64
  dependencies:
    libstdcxx: 15.2.0
  url: https://conda.anaconda.org/conda-forge/linux-64/libstdcxx-ng-15.2.0-hdf11a46_18.conda
  hash:
    md5: 6235adb93d064ecdf3d44faee6f468de
    sha256: 3c902ffd673cb3c6ddde624cdb80f870b6c835f8bf28384b0016e7d444dd0145
  category: main
  optional: false
- name: libuuid
  version: '2.42'
  manager: conda
  platform: linux-64
  dependencies:
    __glibc: '>=2.17,<3.0.a0'
    libgcc: '>=14'
  url: https://conda.anaconda.org/conda-forge/linux-64/libuuid-2.42-h5347b49_0.conda
  hash:
    md5: 38ffe67b78c9d4de527be8315e5ada2c
    sha256: bc1b08c92626c91500fd9f26f2c797f3eb153b627d53e9c13cd167f1e12b2829
  category: main
  optional: false
- name: libxcrypt
  version: 4.4.36
  manager: conda
  platform: linux-64
  dependencies:
    libgcc-ng: '>=12'
  url: https://conda.anaconda.org/conda-forge/linux-64/libxcrypt-4.4.36-hd590300_1.conda
  hash:
    md5: 5aa797f8787fe7a17d1b0821485b5adc
    sha256: 6ae68e0b86423ef188196fff6207ed0c8195dd84273cb5623b85aa08033a410c
  category: main
  optional: false
- name: libzlib
  version: 1.3.2
  manager: conda
  platform: linux-64
  dependencies:
    __glibc: '>=2.17,<3.0.a0'
  url: https://conda.anaconda.org/conda-forge/linux-64/libzlib-1.3.2-h25fd6f3_2.conda
  hash:
    md5: d87ff7921124eccd67248aa483c23fec
    sha256: 55044c403570f0dc26e6364de4dc5368e5f3fc7ff103e867c487e2b5ab2bcda9
  category: main
  optional: false
- name: ncurses
  version: '6.6'
  manager: conda
  platform: linux-64
  dependencies:
    __glibc: '>=2.17,<3.0.a0'
    libgcc: '>=14'
  url: https://conda.anaconda.org/conda-forge/linux-64/ncurses-6.6-hdb14827_0.conda
  hash:
    md5: fc21868a1a5aacc937e7a18747acb8a5
    sha256: fc89f74bbe362fb29fa3c037697a89bec140b346a2469a90f7936d1d7ea4d8a3
  category: main
  optional: false
- name: numpy
  version: 2.0.2
  manager: conda
  platform: linux-64
  dependencies:
    __glibc: '>=2.17,<3.0.a0'
    libblas: '>=3.9.0,<4.0a0'
    libcblas: '>=3.9.0,<4.0a0'
    libgcc: '>=13'
    liblapack: '>=3.9.0,<4.0a0'
    libstdcxx: '>=13'
    python: '>=3.9,<3.10.0a0'
    python_abi: 3.9.*
  url: https://conda.anaconda.org/conda-forge/linux-64/numpy-2.0.2-py39h9cb892a_1.conda
  hash:
    md5: be95cf76ebd05d08be67e50e88d3cd49
    sha256: cac3d9a87db5a3b54f8a97c77ee1cf35af6a7f9c725b6911bc5f1d6c6d101637
  category: main
  optional: false
- name: openssl
  version: 3.6.2
  manager: conda
  platform: linux-64
  dependencies:
    __glibc: '>=2.17,<3.0.a0'
    ca-certificates: ''
    libgcc: '>=14'
  url: https://conda.anaconda.org/conda-forge/linux-64/openssl-3.6.2-h35e630c_0.conda
  hash:
    md5: da1b85b6a87e141f5140bb9924cecab0
    sha256: c0ef482280e38c71a08ad6d71448194b719630345b0c9c60744a2010e8a8e0cb
  category: main
  optional: false
- name: pycparser
  version: '2.22'
  manager: conda
  platform: linux-64
  dependencies:
    python: ''
  url: https://conda.anaconda.org/conda-forge/noarch/pycparser-2.22-pyh29332c3_1.conda
  hash:
    md5: 12c566707c80111f9799308d9e265aef
    sha256: 79db7928d13fab2d892592223d7570f5061c192f27b9febd1a418427b719acc6
  category: main
  optional: false
- name: pysam
  version: 0.24.0
  manager: conda
  platform: linux-64
  dependencies:
    __glibc: '>=2.17,<3.0.a0'
    bzip2: '>=1.0.8,<2.0a0'
    libcurl: '>=8.19.0,<9.0a0'
    libdeflate: '>=1.25,<1.26.0a0'
    libgcc: '>=14'
    liblzma: '>=5.8.3,<6.0a0'
    libzlib: '>=1.3.2,<2.0a0'
    openssl: '>=3.5.6,<4.0a0'
    python: '>=3.9,<3.10.0a0'
    python_abi: 3.9.*
  url: https://conda.anaconda.org/bioconda/linux-64/pysam-0.24.0-py39hbe927e6_0.conda
  hash:
    md5: 64461f5bc97d81cb49698ee06efd5d22
    sha256: 26b540ee6666954034658b8d8832d69d5ef9800073cc91fccdd57664ae2e8a2b
  category: main
  optional: false
- name: pysocks
  version: 1.7.1
  manager: conda
  platform: linux-64
  dependencies:
    __unix: ''
    python: '>=3.9'
  url: https://conda.anaconda.org/conda-forge/noarch/pysocks-1.7.1-pyha55dd90_7.conda
  hash:
    md5: 461219d1a5bd61342293efa2c0c90eac
    sha256: ba3b032fa52709ce0d9fd388f63d330a026754587a2f461117cac9ab73d8d0d8
  category: main
  optional: false
- name: python
  version: 3.9.23
  manager: conda
  platform: linux-64
  dependencies:
    __glibc: '>=2.17,<3.0.a0'
    bzip2: '>=1.0.8,<2.0a0'
    ld_impl_linux-64: '>=2.36.1'
    libexpat: '>=2.7.0,<3.0a0'
    libffi: '>=3.4,<4.0a0'
    libgcc: '>=13'
    liblzma: '>=5.8.1,<6.0a0'
    libnsl: '>=2.0.1,<2.1.0a0'
    libsqlite: '>=3.50.0,<4.0a0'
    libuuid: '>=2.38.1,<3.0a0'
    libxcrypt: '>=4.4.36'
    libzlib: '>=1.3.1,<2.0a0'
    ncurses: '>=6.5,<7.0a0'
    openssl: '>=3.5.0,<4.0a0'
    readline: '>=8.2,<9.0a0'
    tk: '>=8.6.13,<8.7.0a0'
    tzdata: ''
  url: https://conda.anaconda.org/conda-forge/linux-64/python-3.9.23-hc30ae73_0_cpython.conda
  hash:
    md5: 624ab0484356d86a54297919352d52b6
    sha256: dcfc417424b21ffca70dddf7a86ef69270b3e8d2040c748b7356a615470d5298
  category: main
  optional: false
- name: python_abi
  version: '3.9'
  manager: conda
  platform: linux-64
  dependencies: {}
  url: https://conda.anaconda.org/conda-forge/noarch/python_abi-3.9-8_cp39.conda
  hash:
    md5: c2f0c4bf417925c27b62ab50264baa98
    sha256: c3cffff954fea53c254f1a3aad1b1fccd4cc2a781efd383e6b09d1b06348c67b
  category: main
  optional: false
- name: readline
  version: '8.3'
  manager: conda
  platform: linux-64
  dependencies:
    __glibc: '>=2.17,<3.0.a0'
    libgcc: '>=14'
    ncurses: '>=6.5,<7.0a0'
  url: https://conda.anaconda.org/conda-forge/linux-64/readline-8.3-h853b02a_0.conda
  hash:
    md5: d7d95fc8287ea7bf33e0e7116d2b95ec
    sha256: 12ffde5a6f958e285aa22c191ca01bbd3d6e710aa852e00618fa6ddc59149002
  category: main
  optional: false
- name: requests
  version: 2.32.5
  manager: conda
  platform: linux-64
  dependencies:
    certifi: '>=2017.4.17'
    charset-normalizer: '>=2,<4'
    idna: '>=2.5,<4'
    python: '>=3.9'
    urllib3: '>=1.21.1,<3'
  url: https://conda.anaconda.org/conda-forge/noarch/requests-2.32.5-pyhd8ed1ab_0.conda
  hash:
    md5: db0c6b99149880c8ba515cf4abe93ee4
    sha256: 8dc54e94721e9ab545d7234aa5192b74102263d3e704e6d0c8aa7008f2da2a7b
  category: main
  optional: false
- name: scipy
  version: 1.13.1
  manager: conda
  platform: linux-64
  dependencies:
    libblas: '>=3.9.0,<4.0a0'
    libcblas: '>=3.9.0,<4.0a0'
    libgcc-ng: '>=12'
    libgfortran-ng: ''
    libgfortran5: '>=12.3.0'
    liblapack: '>=3.9.0,<4.0a0'
    libstdcxx-ng: '>=12'
    numpy: '>=1.19,<3'
    python: '>=3.9,<3.10.0a0'
    python_abi: 3.9.*
  url: https://conda.anaconda.org/conda-forge/linux-64/scipy-1.13.1-py39haf93ffa_0.conda
  hash:
    md5: 492a2cd65862d16a4aaf535ae9ccb761
    sha256: 55becd997688a9a499aa553e9e61eb28038ca068929c23f0a973ab9a01ac9eac
  category: main
  optional: false
- name: setuptools
  version: 80.9.0
  manager: conda
  platform: linux-64
  dependencies:
    python: '>=3.9'
  url: https://conda.anaconda.org/conda-forge/noarch/setuptools-80.9.0-pyhff2d567_0.conda
  hash:
    md5: 4de79c071274a53dcaf2a8c749d1499e
    sha256: 972560fcf9657058e3e1f97186cc94389144b46dbdf58c807ce62e83f977e863
  category: main
  optional: false
- name: tk
  version: 8.6.13
  manager: conda
  platform: linux-64
  dependencies:
    __glibc: '>=2.17,<3.0.a0'
    libgcc: '>=14'
    libzlib: '>=1.3.1,<2.0a0'
  url: https://conda.anaconda.org/conda-forge/linux-64/tk-8.6.13-noxft_h366c992_103.conda
  hash:
    md5: cffd3bdd58090148f4cfcd831f4b26ab
    sha256: cafeec44494f842ffeca27e9c8b0c27ed714f93ac77ddadc6aaf726b5554ebac
  category: main
  optional: false
- name: tzdata
  version: 2025c
  manager: conda
  platform: linux-64
  dependencies: {}
  url: https://conda.anaconda.org/conda-forge/noarch/tzdata-2025c-hc9c84f9_1.conda
  hash:
    md5: ad659d0a2b3e47e38d829aa8cad2d610
    sha256: 1d30098909076af33a35017eed6f2953af1c769e273a0626a04722ac4acaba3c
  category: main
  optional: false
- name: urllib3
  version: 2.5.0
  manager: conda
  platform: linux-64
  dependencies:
    brotli-python: '>=1.0.9'
    h2: '>=4,<5'
    pysocks: '>=1.5.6,<2.0,!=1.5.7'
    python: '>=3.9'
    zstandard: '>=0.18.0'
  url: https://conda.anaconda.org/conda-forge/noarch/urllib3-2.5.0-pyhd8ed1ab_0.conda
  hash:
    md5: 436c165519e140cb08d246a4472a9d6a
    sha256: 4fb9789154bd666ca74e428d973df81087a697dbb987775bc3198d2215f240f8
  category: main
  optional: false
- name: zstandard
  version: 0.23.0
  manager: conda
  platform: linux-64
  dependencies:
    __glibc: '>=2.17,<3.0.a0'
    cffi: '>=1.11'
    libgcc: '>=14'
    python: '>=3.9,<3.10.0a0'
    python_abi: 3.9.*
  url: https://conda.anaconda.org/conda-forge/linux-64/zstandard-0.23.0-py39hd399759_3.conda
  hash:
    md5: 2f6845f6cdf545845a60c4dcbd017c78
    sha256: 95a5d9f219a8106d4d7d6b6b85b87c9d3bfe9b41ebdb2d249109532f804598bd
  category: main
  optional: false
- name: zstd
  version: 1.5.7
  manager: conda
  platform: linux-64
  dependencies:
    __glibc: '>=2.17,<3.0.a0'
    libzlib: '>=1.3.1,<2.0a0'
  url: https://conda.anaconda.org/conda-forge/linux-64/zstd-1.5.7-hb78ec9c_6.conda
  hash:
    md5: 4a13eeac0b5c8e5b8ab496e6c4ddd829
    sha256: 68f0206ca6e98fea941e5717cec780ed2873ffabc0e1ed34428c061e2c6268c7
  category: main
  optional: false
