# This lock file was generated by conda-lock (https://github.com/conda/conda-lock). DO NOT EDIT!
#
# A "lock file" contains a concrete list of package versions (with checksums) to be installed. Unlike
# e.g. `conda env create`, the resulting environment will not change as new package versions become
# available, unless you explicitly update the lock file.
#
# Install this environment as "YOURENV" with:
#     conda-lock install -n YOURENV conda-lock.yml
# To update a single package to the latest version compatible with the version constraints in the source:
#     conda-lock lock  --lockfile conda-lock.yml --update PACKAGE
# To re-solve the entire environment, e.g. after changing a version constraint in the source file:
#     conda-lock -f pathoscope_env.yml --lockfile conda-lock.yml
version: 1
metadata:
  content_hash:
    linux-64: c96a0be2a082dc8542260eb2c20ffca7652f6664730bf967f5968279dedcdc37
  channels:
  - url: conda-forge
    used_env_vars: []
  - url: bioconda
    used_env_vars: []
  - url: defaults
    used_env_vars: []
  platforms:
  - linux-64
  sources:
  - pathoscope_env.yml
package:
- name: _openmp_mutex
  version: '4.5'
  manager: conda
  platform: linux-64
  dependencies:
    __glibc: '>=2.17,<3.0.a0'
    libgomp: '>=7.5.0'
  url: https://conda.anaconda.org/conda-forge/linux-64/_openmp_mutex-4.5-20_gnu.conda
  hash:
    md5: a9f577daf3de00bca7c3c76c0ecbd1de
    sha256: 1dd3fffd892081df9726d7eb7e0dea6198962ba775bd88842135a4ddb4deb3c9
  category: main
  optional: false
- name: bowtie2
  version: 2.5.4
  manager: conda
  platform: linux-64
  dependencies:
    _openmp_mutex: '>=4.5'
    libgcc-ng: '>=12'
    libgomp: ''
    libstdcxx-ng: '>=12'
    libzlib: '>=1.2.13,<2.0a0'
    perl: ''
    python: ''
    zstd: '>=1.5.6,<1.6.0a0'
  url: https://conda.anaconda.org/bioconda/linux-64/bowtie2-2.5.4-h7071971_4.tar.bz2
  hash:
    md5: 69822858766e6c8b12ae90d78d54d8ea
    sha256: d02662a31dbca71f6230065e154b3e00666f387b5083486f16b2f7b563a6f77e
  category: main
  optional: false
- name: ca-certificates
  version: 2026.4.22
  manager: conda
  platform: linux-64
  dependencies:
    __unix: ''
  url: https://conda.anaconda.org/conda-forge/noarch/ca-certificates-2026.4.22-hbd8a1cb_0.conda
  hash:
    md5: e18ad67cf881dcadee8b8d9e2f8e5f73
    sha256: c9dbcc8039a52023660d6d1bbf87594a93dd69c6ac5a2a44323af2c92976728d
  category: main
  optional: false
- name: ld_impl_linux-64
  version: 2.45.1
  manager: conda
  platform: linux-64
  dependencies:
    __glibc: '>=2.17,<3.0.a0'
  url: https://conda.anaconda.org/conda-forge/linux-64/ld_impl_linux-64-2.45.1-bootstrap_ha15bf96_2.conda
  hash:
    md5: bafc61899c34054d1f5e7cd85a2f81e9
    sha256: ffc8fb61b32f421687a35b1b6bdd7e73278da0ea1a0d616b624eb3760ed21742
  category: main
  optional: false
- name: libffi
  version: 3.2.1
  manager: conda
  platform: linux-64
  dependencies:
    libgcc-ng: '>=7.3.0'
    libstdcxx-ng: '>=7.3.0'
  url: https://conda.anaconda.org/conda-forge/linux-64/libffi-3.2.1-he1b5a44_1007.tar.bz2
  hash:
    md5: 11389072d7d6036fd811c3d9460475cd
    sha256: 992246df63724484e9ee8652ce3ca0237f707961beab8b813096bbc647cf84f4
  category: main
  optional: false
- name: libgcc
  version: 15.2.0
  manager: conda
  platform: linux-64
  dependencies:
    __glibc: '>=2.17,<3.0.a0'
    _openmp_mutex: '>=4.5'
  url: https://conda.anaconda.org/conda-forge/linux-64/libgcc-15.2.0-he0feb66_18.conda
  hash:
    md5: 0aa00f03f9e39fb9876085dee11a85d4
    sha256: faf7d2017b4d718951e3a59d081eb09759152f93038479b768e3d612688f83f5
  category: main
  optional: false
- name: libgcc-ng
  version: 15.2.0
  manager: conda
  platform: linux-64
  dependencies:
    libgcc: 15.2.0
  url: https://conda.anaconda.org/conda-forge/linux-64/libgcc-ng-15.2.0-h69a702a_18.conda
  hash:
    md5: d5e96b1ed75ca01906b3d2469b4ce493
    sha256: e318a711400f536c81123e753d4c797a821021fb38970cebfb3f454126016893
  category: main
  optional: false
- name: libgomp
  version: 15.2.0
  manager: conda
  platform: linux-64
  dependencies:
    __glibc: '>=2.17,<3.0.a0'
  url: https://conda.anaconda.org/conda-forge/linux-64/libgomp-15.2.0-he0feb66_18.conda
  hash:
    md5: 239c5e9546c38a1e884d69effcf4c882
    sha256: 21337ab58e5e0649d869ab168d4e609b033509de22521de1bfed0c031bfc5110
  category: main
  optional: false
- name: libsqlite
  version: 3.46.0
  manager: conda
  platform: linux-64
  dependencies:
    libgcc-ng: '>=12'
    libzlib: '>=1.2.13,<2.0a0'
  url: https://conda.anaconda.org/conda-forge/linux-64/libsqlite-3.46.0-hde9e2c9_0.conda
  hash:
    md5: 18aa975d2094c34aef978060ae7da7d8
    sha256: daee3f68786231dad457d0dfde3f7f1f9a7f2018adabdbb864226775101341a8
  category: main
  optional: false
- name: libstdcxx
  version: 15.2.0
  manager: conda
  platform: linux-64
  dependencies:
    __glibc: '>=2.17,<3.0.a0'
    libgcc: 15.2.0
  url: https://conda.anaconda.org/conda-forge/linux-64/libstdcxx-15.2.0-h934c35e_18.conda
  hash:
    md5: 1b08cd684f34175e4514474793d44bcb
    sha256: 78668020064fdaa27e9ab65cd2997e2c837b564ab26ce3bf0e58a2ce1a525c6e
  category: main
  optional: false
- name: libstdcxx-ng
  version: 15.2.0
  manager: conda
  platform: linux-64
  dependencies:
    libstdcxx: 15.2.0
  url: https://conda.anaconda.org/conda-forge/linux-64/libstdcxx-ng-15.2.0-hdf11a46_18.conda
  hash:
    md5: 6235adb93d064ecdf3d44faee6f468de
    sha256: 3c902ffd673cb3c6ddde624cdb80f870b6c835f8bf28384b0016e7d444dd0145
  category: main
  optional: false
- name: libxcrypt
  version: 4.4.36
  manager: conda
  platform: linux-64
  dependencies:
    libgcc-ng: '>=12'
  url: https://conda.anaconda.org/conda-forge/linux-64/libxcrypt-4.4.36-hd590300_1.conda
  hash:
    md5: 5aa797f8787fe7a17d1b0821485b5adc
    sha256: 6ae68e0b86423ef188196fff6207ed0c8195dd84273cb5623b85aa08033a410c
  category: main
  optional: false
- name: libzlib
  version: 1.2.13
  manager: conda
  platform: linux-64
  dependencies:
    libgcc-ng: '>=12'
  url: https://conda.anaconda.org/conda-forge/linux-64/libzlib-1.2.13-h4ab18f5_6.conda
  hash:
    md5: 27329162c0dc732bcf67a4e0cd488125
    sha256: 8ced4afed6322172182af503f21725d072a589a6eb918f8a58135c1e00d35980
  category: main
  optional: false
- name: ncurses
  version: '6.6'
  manager: conda
  platform: linux-64
  dependencies:
    __glibc: '>=2.17,<3.0.a0'
    libgcc: '>=14'
  url: https://conda.anaconda.org/conda-forge/linux-64/ncurses-6.6-hdb14827_0.conda
  hash:
    md5: fc21868a1a5aacc937e7a18747acb8a5
    sha256: fc89f74bbe362fb29fa3c037697a89bec140b346a2469a90f7936d1d7ea4d8a3
  category: main
  optional: false
- name: openssl
  version: 1.1.1w
  manager: conda
  platform: linux-64
  dependencies:
    ca-certificates: ''
    libgcc-ng: '>=12'
  url: https://conda.anaconda.org/conda-forge/linux-64/openssl-1.1.1w-hd590300_0.conda
  hash:
    md5: 301e70057a3bd399640bb16bbdf87995
    sha256: 4fe19885c77f0758084feb54954bd1977dfeeab7134fba0a1d9c0cfff821d6bd
  category: main
  optional: false
- name: pathoscope
  version: 2.0.7
  manager: conda
  platform: linux-64
  dependencies:
    bowtie2: ''
    python: <3
    samtools: <1.0
  url: https://conda.anaconda.org/bioconda/noarch/pathoscope-2.0.7-py_1.tar.bz2
  hash:
    md5: 46b9a153deccb9fbdb70901b8bde0672
    sha256: 903e86d0398c74bcd596c1e83263ce78759a0d4b1431a77830b0e76c95e2e19d
  category: main
  optional: false
- name: perl
  version: 5.32.1
  manager: conda
  platform: linux-64
  dependencies:
    libgcc-ng: '>=12'
    libxcrypt: '>=4.4.36'
  url: https://conda.anaconda.org/conda-forge/linux-64/perl-5.32.1-7_hd590300_perl5.conda
  hash:
    md5: f2cfec9406850991f4e3d960cc9e3321
    sha256: 9ec32b6936b0e37bcb0ed34f22ec3116e75b3c0964f9f50ecea5f58734ed6ce9
  category: main
  optional: false
- name: python
  version: 2.7.15
  manager: conda
  platform: linux-64
  dependencies:
    ld_impl_linux-64: ''
    libffi: '>=3.2.1,<3.3.0a0'
    libgcc-ng: '>=7.3.0'
    libstdcxx-ng: '>=7.3.0'
    openssl: '>=1.1.1a,<1.1.2a'
    readline: '>=8.0,<9.0a0'
    sqlite: '>=3.30.1,<4.0a0'
    tk: '>=8.6.10,<8.7.0a0'
    zlib: '>=1.2.11,<1.3.0a0'
  url: https://conda.anaconda.org/conda-forge/linux-64/python-2.7.15-h5a48372_1011_cpython.tar.bz2
  hash:
    md5: d1824ac0987155f58a03b7ffda01db38
    sha256: 1aab076b979046983a74d10b890dc4534eaedcc08a6e2f4e7fb16cc4a05e02e0
  category: main
  optional: false
- name: readline
  version: '8.3'
  manager: conda
  platform: linux-64
  dependencies:
    __glibc: '>=2.17,<3.0.a0'
    libgcc: '>=14'
    ncurses: '>=6.5,<7.0a0'
  url: https://conda.anaconda.org/conda-forge/linux-64/readline-8.3-h853b02a_0.conda
  hash:
    md5: d7d95fc8287ea7bf33e0e7116d2b95ec
    sha256: 12ffde5a6f958e285aa22c191ca01bbd3d6e710aa852e00618fa6ddc59149002
  category: main
  optional: false
- name: samtools
  version: 0.1.19
  manager: conda
  platform: linux-64
  dependencies:
    libgcc-ng: '>=12'
    libzlib: '>=1.2.13,<1.3.0a0'
    ncurses: '>=6.3,<7.0a0'
    openssl: '>=1.1.0,<=1.1.1'
    zlib: ''
  url: https://conda.anaconda.org/bioconda/linux-64/samtools-0.1.19-h50ea8bc_11.tar.bz2
  hash:
    md5: 8ba071e9eefa0601c9e7ae8e4a6b64ad
    sha256: 75e246fe0213acbeee67093fee15833f10b0b54715c5ed385fcd9b12c561e69b
  category: main
  optional: false
- name: sqlite
  version: 3.46.0
  manager: conda
  platform: linux-64
  dependencies:
    libgcc-ng: '>=12'
    libsqlite: 3.46.0
    libzlib: '>=1.2.13,<2.0a0'
    ncurses: '>=6.5,<7.0a0'
    readline: '>=8.2,<9.0a0'
  url: https://conda.anaconda.org/conda-forge/linux-64/sqlite-3.46.0-h6d4b2fc_0.conda
  hash:
    md5: 77ea8dff5cf8550cc8f5629a6af56323
    sha256: e849d576e52bf3e6fc5786f89b7d76978f2e2438587826c95570324cb572e52b
  category: main
  optional: false
- name: tk
  version: 8.6.13
  manager: conda
  platform: linux-64
  dependencies:
    libgcc-ng: '>=12'
    libzlib: '>=1.2.13,<2.0.0a0'
  url: https://conda.anaconda.org/conda-forge/linux-64/tk-8.6.13-noxft_h4845f30_101.conda
  hash:
    md5: d453b98d9c83e71da0741bb0ff4d76bc
    sha256: e0569c9caa68bf476bead1bed3d79650bb080b532c64a4af7d8ca286c08dea4e
  category: main
  optional: false
- name: zlib
  version: 1.2.13
  manager: conda
  platform: linux-64
  dependencies:
    libgcc-ng: '>=12'
    libzlib: 1.2.13
  url: https://conda.anaconda.org/conda-forge/linux-64/zlib-1.2.13-h4ab18f5_6.conda
  hash:
    md5: 559d338a4234c2ad6e676f460a093e67
    sha256: 534824ea44939f3e59ca8ebb95e3ece6f50f9d2a0e69999fbc692311252ed6ac
  category: main
  optional: false
- name: zstd
  version: 1.5.6
  manager: conda
  platform: linux-64
  dependencies:
    libgcc-ng: '>=12'
    libstdcxx-ng: '>=12'
    libzlib: '>=1.2.13,<2.0.0a0'
  url: https://conda.anaconda.org/conda-forge/linux-64/zstd-1.5.6-ha6fb4c9_0.conda
  hash:
    md5: 4d056880988120e29d75bfff282e0f45
    sha256: c558b9cc01d9c1444031bd1ce4b9cff86f9085765f17627a6cd85fc623c8a02b
  category: main
  optional: false
